// !$*UTF8*$!
{
	archiveVersion = 1;
	classes = {
	};
	objectVersion = 46;
	objects = {

/* Begin PBXBuildFile section */
		000A20621888EE1800756733 /* Foundation.framework in Frameworks */ = {isa = PBXBuildFile; fileRef = 000A20611888EE1800756733 /* Foundation.framework */; };
		000A20641888EE1800756733 /* CoreGraphics.framework in Frameworks */ = {isa = PBXBuildFile; fileRef = 000A20631888EE1800756733 /* CoreGraphics.framework */; };
		000A20661888EE1800756733 /* UIKit.framework in Frameworks */ = {isa = PBXBuildFile; fileRef = 000A20651888EE1800756733 /* UIKit.framework */; };
		000A206C1888EE1800756733 /* InfoPlist.strings in Resources */ = {isa = PBXBuildFile; fileRef = 000A206A1888EE1800756733 /* InfoPlist.strings */; };
		000A206E1888EE1800756733 /* main.m in Sources */ = {isa = PBXBuildFile; fileRef = 000A206D1888EE1800756733 /* main.m */; };
		000A20721888EE1800756733 /* AppDelegate.m in Sources */ = {isa = PBXBuildFile; fileRef = 000A20711888EE1800756733 /* AppDelegate.m */; };
		000A20751888EE1800756733 /* Main.storyboard in Resources */ = {isa = PBXBuildFile; fileRef = 000A20731888EE1800756733 /* Main.storyboard */; };
		000A20781888EE1800756733 /* ViewController.m in Sources */ = {isa = PBXBuildFile; fileRef = 000A20771888EE1800756733 /* ViewController.m */; };
		000A207A1888EE1800756733 /* Images.xcassets in Resources */ = {isa = PBXBuildFile; fileRef = 000A20791888EE1800756733 /* Images.xcassets */; };
		000A20811888EE1800756733 /* XCTest.framework in Frameworks */ = {isa = PBXBuildFile; fileRef = 000A20801888EE1800756733 /* XCTest.framework */; };
		000A20821888EE1800756733 /* Foundation.framework in Frameworks */ = {isa = PBXBuildFile; fileRef = 000A20611888EE1800756733 /* Foundation.framework */; };
		000A20831888EE1800756733 /* UIKit.framework in Frameworks */ = {isa = PBXBuildFile; fileRef = 000A20651888EE1800756733 /* UIKit.framework */; };
		000A208B1888EE1900756733 /* InfoPlist.strings in Resources */ = {isa = PBXBuildFile; fileRef = 000A20891888EE1900756733 /* InfoPlist.strings */; };
		000A208D1888EE1900756733 /* TmapPathTestTests.m in Sources */ = {isa = PBXBuildFile; fileRef = 000A208C1888EE1900756733 /* TmapPathTestTests.m */; };
/* End PBXBuildFile section */

/* Begin PBXContainerItemProxy section */
		000A20841888EE1800756733 /* PBXContainerItemProxy */ = {
			isa = PBXContainerItemProxy;
			containerPortal = 000A20561888EE1800756733 /* Project object */;
			proxyType = 1;
			remoteGlobalIDString = 000A205D1888EE1800756733;
			remoteInfo = TmapPathTest;
		};
/* End PBXContainerItemProxy section */

/* Begin PBXFileReference section */
		000A205E1888EE1800756733 /* TmapPathTest.app */ = {isa = PBXFileReference; explicitFileType = wrapper.application; includeInIndex = 0; path = TmapPathTest.app; sourceTree = BUILT_PRODUCTS_DIR; };
		000A20611888EE1800756733 /* Foundation.framework */ = {isa = PBXFileReference; lastKnownFileType = wrapper.framework; name = Foundation.framework; path = System/Library/Frameworks/Foundation.framework; sourceTree = SDKROOT; };
		000A20631888EE1800756733 /* CoreGraphics.framework */ = {isa = PBXFileReference; lastKnownFileType = wrapper.framework; name = CoreGraphics.framework; path = System/Library/Frameworks/CoreGraphics.framework; sourceTree = SDKROOT; };
		000A20651888EE1800756733 /* UIKit.framework */ = {isa = PBXFileReference; lastKnownFileType = wrapper.framework; name = UIKit.framework; path = System/Library/Frameworks/UIKit.framework; sourceTree = SDKROOT; };
		000A20691888EE1800756733 /* TmapPathTest-Info.plist */ = {isa = PBXFileReference; lastKnownFileType = text.plist.xml; path = "TmapPathTest-Info.plist"; sourceTree = "<group>"; };
		000A206B1888EE1800756733 /* en */ = {isa = PBXFileReference; lastKnownFileType = text.plist.strings; name = en; path = en.lproj/InfoPlist.strings; sourceTree = "<group>"; };
		000A206D1888EE1800756733 /* main.m */ = {isa = PBXFileReference; lastKnownFileType = sourcecode.c.objc; path = main.m; sourceTree = "<group>"; };
		000A206F1888EE1800756733 /* TmapPathTest-Prefix.pch */ = {isa = PBXFileReference; lastKnownFileType = sourcecode.c.h; path = "TmapPathTest-Prefix.pch"; sourceTree = "<group>"; };
		000A20701888EE1800756733 /* AppDelegate.h */ = {isa = PBXFileReference; lastKnownFileType = sourcecode.c.h; path = AppDelegate.h; sourceTree = "<group>"; };
		000A20711888EE1800756733 /* AppDelegate.m */ = {isa = PBXFileReference; lastKnownFileType = sourcecode.c.objc; path = AppDelegate.m; sourceTree = "<group>"; };
		000A20741888EE1800756733 /* Base */ = {isa = PBXFileReference; lastKnownFileType = file.storyboard; name = Base; path = Base.lproj/Main.storyboard; sourceTree = "<group>"; };
		000A20761888EE1800756733 /* ViewController.h */ = {isa = PBXFileReference; lastKnownFileType = sourcecode.c.h; path = ViewController.h; sourceTree = "<group>"; };
		000A20771888EE1800756733 /* ViewController.m */ = {isa = PBXFileReference; lastKnownFileType = sourcecode.c.objc; path = ViewController.m; sourceTree = "<group>"; };
		000A20791888EE1800756733 /* Images.xcassets */ = {isa = PBXFileReference; lastKnownFileType = folder.assetcatalog; path = Images.xcassets; sourceTree = "<group>"; };
		000A207F1888EE1800756733 /* TmapPathTestTests.xctest */ = {isa = PBXFileReference; explicitFileType = wrapper.cfbundle; includeInIndex = 0; path = TmapPathTestTests.xctest; sourceTree = BUILT_PRODUCTS_DIR; };
		000A20801888EE1800756733 /* XCTest.framework */ = {isa = PBXFileReference; lastKnownFileType = wrapper.framework; name = XCTest.framework; path = Library/Frameworks/XCTest.framework; sourceTree = DEVELOPER_DIR; };
		000A20881888EE1900756733 /* TmapPathTestTests-Info.plist */ = {isa = PBXFileReference; lastKnownFileType = text.plist.xml; path = "TmapPathTestTests-Info.plist"; sourceTree = "<group>"; };
		000A208A1888EE1900756733 /* en */ = {isa = PBXFileReference; lastKnownFileType = text.plist.strings; name = en; path = en.lproj/InfoPlist.strings; sourceTree = "<group>"; };
		000A208C1888EE1900756733 /* TmapPathTestTests.m */ = {isa = PBXFileReference; lastKnownFileType = sourcecode.c.objc; path = TmapPathTestTests.m; sourceTree = "<group>"; };
/* End PBXFileReference section */

/* Begin PBXFrameworksBuildPhase section */
		000A205B1888EE1800756733 /* Frameworks */ = {
			isa = PBXFrameworksBuildPhase;
			buildActionMask = 2147483647;
			files = (
				000A20641888EE1800756733 /* CoreGraphics.framework in Frameworks */,
				000A20661888EE1800756733 /* UIKit.framework in Frameworks */,
				000A20621888EE1800756733 /* Foundation.framework in Frameworks */,
			);
			runOnlyForDeploymentPostprocessing = 0;
		};
		000A207C1888EE1800756733 /* Frameworks */ = {
			isa = PBXFrameworksBuildPhase;
			buildActionMask = 2147483647;
			files = (
				000A20811888EE1800756733 /* XCTest.framework in Frameworks */,
				000A20831888EE1800756733 /* UIKit.framework in Frameworks */,
				000A20821888EE1800756733 /* Foundation.framework in Frameworks */,
			);
			runOnlyForDeploymentPostprocessing = 0;
		};
/* End PBXFrameworksBuildPhase section */

/* Begin PBXGroup section */
		000A20551888EE1800756733 = {
			isa = PBXGroup;
			children = (
				000A20671888EE1800756733 /* TmapPathTest */,
				000A20861888EE1800756733 /* TmapPathTestTests */,
				000A20601888EE1800756733 /* Frameworks */,
				000A205F1888EE1800756733 /* Products */,
			);
			sourceTree = "<group>";
		};
		000A205F1888EE1800756733 /* Products */ = {
			isa = PBXGroup;
			children = (
				000A205E1888EE1800756733 /* TmapPathTest.app */,
				000A207F1888EE1800756733 /* TmapPathTestTests.xctest */,
			);
			name = Products;
			sourceTree = "<group>";
		};
		000A20601888EE1800756733 /* Frameworks */ = {
			isa = PBXGroup;
			children = (
				000A20611888EE1800756733 /* Foundation.framework */,
				000A20631888EE1800756733 /* CoreGraphics.framework */,
				000A20651888EE1800756733 /* UIKit.framework */,
				000A20801888EE1800756733 /* XCTest.framework */,
			);
			name = Frameworks;
			sourceTree = "<group>";
		};
		000A20671888EE1800756733 /* TmapPathTest */ = {
			isa = PBXGroup;
			children = (
				000A20701888EE1800756733 /* AppDelegate.h */,
				000A20711888EE1800756733 /* AppDelegate.m */,
				000A20731888EE1800756733 /* Main.storyboard */,
				000A20761888EE1800756733 /* ViewController.h */,
				000A20771888EE1800756733 /* ViewController.m */,
				000A20791888EE1800756733 /* Images.xcassets */,
				000A20681888EE1800756733 /* Supporting Files */,
			);
			path = TmapPathTest;
			sourceTree = "<group>";
		};
		000A20681888EE1800756733 /* Supporting Files */ = {
			isa = PBXGroup;
			children = (
				000A20691888EE1800756733 /* TmapPathTest-Info.plist */,
				000A206A1888EE1800756733 /* InfoPlist.strings */,
				000A206D1888EE1800756733 /* main.m */,
				000A206F1888EE1800756733 /* TmapPathTest-Prefix.pch */,
			);
			name = "Supporting Files";
			sourceTree = "<group>";
		};
		000A20861888EE1800756733 /* TmapPathTestTests */ = {
			isa = PBXGroup;
			children = (
				000A208C1888EE1900756733 /* TmapPathTestTests.m */,
				000A20871888EE1900756733 /* Supporting Files */,
			);
			path = TmapPathTestTests;
			sourceTree = "<group>";
		};
		000A20871888EE1900756733 /* Supporting Files */ = {
			isa = PBXGroup;
			children = (
				000A20881888EE1900756733 /* TmapPathTestTests-Info.plist */,
				000A20891888EE1900756733 /* InfoPlist.strings */,
			);
			name = "Supporting Files";
			sourceTree = "<group>";
		};
/* End PBXGroup section */

/* Begin PBXNativeTarget section */
		000A205D1888EE1800756733 /* TmapPathTest */ = {
			isa = PBXNativeTarget;
			buildConfigurationList = 000A20901888EE1900756733 /* Build configuration list for PBXNativeTarget "TmapPathTest" */;
			buildPhases = (
				000A205A1888EE1800756733 /* Sources */,
				000A205B1888EE1800756733 /* Frameworks */,
				000A205C1888EE1800756733 /* Resources */,
			);
			buildRules = (
			);
			dependencies = (
			);
			name = TmapPathTest;
			productName = TmapPathTest;
			productReference = 000A205E1888EE1800756733 /* TmapPathTest.app */;
			productType = "com.apple.product-type.application";
		};
		000A207E1888EE1800756733 /* TmapPathTestTests */ = {
			isa = PBXNativeTarget;
			buildConfigurationList = 000A20931888EE1900756733 /* Build configuration list for PBXNativeTarget "TmapPathTestTests" */;
			buildPhases = (
				000A207B1888EE1800756733 /* Sources */,
				000A207C1888EE1800756733 /* Frameworks */,
				000A207D1888EE1800756733 /* Resources */,
			);
			buildRules = (
			);
			dependencies = (
				000A20851888EE1800756733 /* PBXTargetDependency */,
			);
			name = TmapPathTestTests;
			productName = TmapPathTestTests;
			productReference = 000A207F1888EE1800756733 /* TmapPathTestTests.xctest */;
			productType = "com.apple.product-type.bundle.unit-test";
		};
/* End PBXNativeTarget section */

/* Begin PBXProject section */
		000A20561888EE1800756733 /* Project object */ = {
			isa = PBXProject;
			attributes = {
				LastUpgradeCheck = 0500;
				ORGANIZATIONNAME = "SDT-1";
				TargetAttributes = {
					000A207E1888EE1800756733 = {
						TestTargetID = 000A205D1888EE1800756733;
					};
				};
			};
			buildConfigurationList = 000A20591888EE1800756733 /* Build configuration list for PBXProject "TmapPathTest" */;
			compatibilityVersion = "Xcode 3.2";
			developmentRegion = English;
			hasScannedForEncodings = 0;
			knownRegions = (
				en,
				Base,
			);
			mainGroup = 000A20551888EE1800756733;
			productRefGroup = 000A205F1888EE1800756733 /* Products */;
			projectDirPath = "";
			projectRoot = "";
			targets = (
				000A205D1888EE1800756733 /* TmapPathTest */,
				000A207E1888EE1800756733 /* TmapPathTestTests */,
			);
		};
/* End PBXProject section */

/* Begin PBXResourcesBuildPhase section */
		000A205C1888EE1800756733 /* Resources */ = {
			isa = PBXResourcesBuildPhase;
			buildActionMask = 2147483647;
			files = (
				000A207A1888EE1800756733 /* Images.xcassets in Resources */,
				000A206C1888EE1800756733 /* InfoPlist.strings in Resources */,
				000A20751888EE1800756733 /* Main.storyboard in Resources */,
			);
			runOnlyForDeploymentPostprocessing = 0;
		};
		000A207D1888EE1800756733 /* Resources */ = {
			isa = PBXResourcesBuildPhase;
			buildActionMask = 2147483647;
			files = (
				000A208B1888EE1900756733 /* InfoPlist.strings in Resources */,
			);
			runOnlyForDeploymentPostprocessing = 0;
		};
/* End PBXResourcesBuildPhase section */

/* Begin PBXSourcesBuildPhase section */
		000A205A1888EE1800756733 /* Sources */ = {
			isa = PBXSourcesBuildPhase;
			buildActionMask = 2147483647;
			files = (
				000A20781888EE1800756733 /* ViewController.m in Sources */,
				000A20721888EE1800756733 /* AppDelegate.m in Sources */,
				000A206E1888EE1800756733 /* main.m in Sources */,
			);
			runOnlyForDeploymentPostprocessing = 0;
		};
		000A207B1888EE1800756733 /* Sources */ = {
			isa = PBXSourcesBuildPhase;
			buildActionMask = 2147483647;
			files = (
				000A208D1888EE1900756733 /* TmapPathTestTests.m in Sources */,
			);
			runOnlyForDeploymentPostprocessing = 0;
		};
/* End PBXSourcesBuildPhase section */

/* Begin PBXTargetDependency section */
		000A20851888EE1800756733 /* PBXTargetDependency */ = {
			isa = PBXTargetDependency;
			target = 000A205D1888EE1800756733 /* TmapPathTest */;
			targetProxy = 000A20841888EE1800756733 /* PBXContainerItemProxy */;
		};
/* End PBXTargetDependency section */

/* Begin PBXVariantGroup section */
		000A206A1888EE1800756733 /* InfoPlist.strings */ = {
			isa = PBXVariantGroup;
			children = (
				000A206B1888EE1800756733 /* en */,
			);
			name = InfoPlist.strings;
			sourceTree = "<group>";
		};
		000A20731888EE1800756733 /* Main.storyboard */ = {
			isa = PBXVariantGroup;
			children = (
				000A20741888EE1800756733 /* Base */,
			);
			name = Main.storyboard;
			sourceTree = "<group>";
		};
		000A20891888EE1900756733 /* InfoPlist.strings */ = {
			isa = PBXVariantGroup;
			children = (
				000A208A1888EE1900756733 /* en */,
			);
			name = InfoPlist.strings;
			sourceTree = "<group>";
		};
/* End PBXVariantGroup section */

/* Begin XCBuildConfiguration section */
		000A208E1888EE1900756733 /* Debug */ = {
			isa = XCBuildConfiguration;
			buildSettings = {
				ALWAYS_SEARCH_USER_PATHS = NO;
				ARCHS = "$(ARCHS_STANDARD_INCLUDING_64_BIT)";
				CLANG_CXX_LANGUAGE_STANDARD = "gnu++0x";
				CLANG_CXX_LIBRARY = "libc++";
				CLANG_ENABLE_MODULES = YES;
				CLANG_ENABLE_OBJC_ARC = YES;
				CLANG_WARN_BOOL_CONVERSION = YES;
				CLANG_WARN_CONSTANT_CONVERSION = YES;
				CLANG_WARN_DIRECT_OBJC_ISA_USAGE = YES_ERROR;
				CLANG_WARN_EMPTY_BODY = YES;
				CLANG_WARN_ENUM_CONVERSION = YES;
				CLANG_WARN_INT_CONVERSION = YES;
				CLANG_WARN_OBJC_ROOT_CLASS = YES_ERROR;
				CLANG_WARN__DUPLICATE_METHOD_MATCH = YES;
				"CODE_SIGN_IDENTITY[sdk=iphoneos*]" = "iPhone Developer";
				COPY_PHASE_STRIP = NO;
				GCC_C_LANGUAGE_STANDARD = gnu99;
				GCC_DYNAMIC_NO_PIC = NO;
				GCC_OPTIMIZATION_LEVEL = 0;
				GCC_PREPROCESSOR_DEFINITIONS = (
					"DEBUG=1",
					"$(inherited)",
				);
				GCC_SYMBOLS_PRIVATE_EXTERN = NO;
				GCC_WARN_64_TO_32_BIT_CONVERSION = YES;
				GCC_WARN_ABOUT_RETURN_TYPE = YES_ERROR;
				GCC_WARN_UNDECLARED_SELECTOR = YES;
				GCC_WARN_UNINITIALIZED_AUTOS = YES;
				GCC_WARN_UNUSED_FUNCTION = YES;
				GCC_WARN_UNUSED_VARIABLE = YES;
				IPHONEOS_DEPLOYMENT_TARGET = 7.0;
				ONLY_ACTIVE_ARCH = YES;
				SDKROOT = iphoneos;
			};
			name = Debug;
		};
		000A208F1888EE1900756733 /* Release */ = {
			isa = XCBuildConfiguration;
			buildSettings = {
				ALWAYS_SEARCH_USER_PATHS = NO;
				ARCHS = "$(ARCHS_STANDARD_INCLUDING_64_BIT)";
				CLANG_CXX_LANGUAGE_STANDARD = "gnu++0x";
				CLANG_CXX_LIBRARY = "libc++";
				CLANG_ENABLE_MODULES = YES;
				CLANG_ENABLE_OBJC_ARC = YES;
				CLANG_WARN_BOOL_CONVERSION = YES;
				CLANG_WARN_CONSTANT_CONVERSION = YES;
				CLANG_WARN_DIRECT_OBJC_ISA_USAGE = YES_ERROR;
				CLANG_WARN_EMPTY_BODY = YES;
				CLANG_WARN_ENUM_CONVERSION = YES;
				CLANG_WARN_INT_CONVERSION = YES;
				CLANG_WARN_OBJC_ROOT_CLASS = YES_ERROR;
				CLANG_WARN__DUPLICATE_METHOD_MATCH = YES;
				"CODE_SIGN_IDENTITY[sdk=iphoneos*]" = "iPhone Developer";
				COPY_PHASE_STRIP = YES;
				ENABLE_NS_ASSERTIONS = NO;
				GCC_C_LANGUAGE_STANDARD = gnu99;
				GCC_WARN_64_TO_32_BIT_CONVERSION = YES;
				GCC_WARN_ABOUT_RETURN_TYPE = YES_ERROR;
				GCC_WARN_UNDECLARED_SELECTOR = YES;
				GCC_WARN_UNINITIALIZED_AUTOS = YES;
				GCC_WARN_UNUSED_FUNCTION = YES;
				GCC_WARN_UNUSED_VARIABLE = YES;
				IPHONEOS_DEPLOYMENT_TARGET = 7.0;
				SDKROOT = iphoneos;
				VALIDATE_PRODUCT = YES;
			};
			name = Release;
		};
		000A20911888EE1900756733 /* Debug */ = {
			isa = XCBuildConfiguration;
			buildSettings = {
				ASSETCATALOG_COMPILER_APPICON_NAME = AppIcon;
				ASSETCATALOG_COMPILER_LAUNCHIMAGE_NAME = LaunchImage;
				GCC_PRECOMPILE_PREFIX_HEADER = YES;
				GCC_PREFIX_HEADER = "TmapPathTest/TmapPathTest-Prefix.pch";
				INFOPLIST_FILE = "TmapPathTest/TmapPathTest-Info.plist";
				PRODUCT_NAME = "$(TARGET_NAME)";
				WRAPPER_EXTENSION = app;
			};
			name = Debug;
		};
		000A20921888EE1900756733 /* Release */ = {
			isa = XCBuildConfiguration;
			buildSettings = {
				ASSETCATALOG_COMPILER_APPICON_NAME = AppIcon;
				ASSETCATALOG_COMPILER_LAUNCHIMAGE_NAME = LaunchImage;
				GCC_PRECOMPILE_PREFIX_HEADER = YES;
				GCC_PREFIX_HEADER = "TmapPathTest/TmapPathTest-Prefix.pch";
				INFOPLIST_FILE = "TmapPathTest/TmapPathTest-Info.plist";
				PRODUCT_NAME = "$(TARGET_NAME)";
				WRAPPER_EXTENSION = app;
			};
			name = Release;
		};
		000A20941888EE1900756733 /* Debug */ = {
			isa = XCBuildConfiguration;
			buildSettings = {
				ARCHS = "$(ARCHS_STANDARD_INCLUDING_64_BIT)";
				BUNDLE_LOADER = "$(BUILT_PRODUCTS_DIR)/TmapPathTest.app/TmapPathTest";
				FRAMEWORK_SEARCH_PATHS = (
					"$(SDKROOT)/Developer/Library/Frameworks",
					"$(inherited)",
					"$(DEVELOPER_FRAMEWORKS_DIR)",
				);
				GCC_PRECOMPILE_PREFIX_HEADER = YES;
				GCC_PREFIX_HEADER = "TmapPathTest/TmapPathTest-Prefix.pch";
				GCC_PREPROCESSOR_DEFINITIONS = (
					"DEBUG=1",
					"$(inherited)",
				);
				INFOPLIST_FILE = "TmapPathTestTests/TmapPathTestTests-Info.plist";
				PRODUCT_NAME = "$(TARGET_NAME)";
				TEST_HOST = "$(BUNDLE_LOADER)";
				WRAPPER_EXTENSION = xctest;
			};
			name = Debug;
		};
		000A20951888EE1900756733 /* Release */ = {
			isa = XCBuildConfiguration;
			buildSettings = {
				ARCHS = "$(ARCHS_STANDARD_INCLUDING_64_BIT)";
				BUNDLE_LOADER = "$(BUILT_PRODUCTS_DIR)/TmapPathTest.app/TmapPathTest";
				FRAMEWORK_SEARCH_PATHS = (
					"$(SDKROOT)/Developer/Library/Frameworks",
					"$(inherited)",
					"$(DEVELOPER_FRAMEWORKS_DIR)",
				);
				GCC_PRECOMPILE_PREFIX_HEADER = YES;
				GCC_PREFIX_HEADER = "TmapPathTest/TmapPathTest-Prefix.pch";
				INFOPLIST_FILE = "TmapPathTestTests/TmapPathTestTests-Info.plist";
				PRODUCT_NAME = "$(TARGET_NAME)";
				TEST_HOST = "$(BUNDLE_LOADER)";
				WRAPPER_EXTENSION = xctest;
			};
			name = Release;
		};
/* End XCBuildConfiguration section */

/* Begin XCConfigurationList section */
		000A20591888EE1800756733 /* Build configuration list for PBXProject "TmapPathTest" */ = {
			isa = XCConfigurationList;
			buildConfigurations = (
				000A208E1888EE1900756733 /* Debug */,
				000A208F1888EE1900756733 /* Release */,
			);
			defaultConfigurationIsVisible = 0;
			defaultConfigurationName = Release;
		};
		000A20901888EE1900756733 /* Build configuration list for PBXNativeTarget "TmapPathTest" */ = {
			isa = XCConfigurationList;
			buildConfigurations = (
				000A20911888EE1900756733 /* Debug */,
				000A20921888EE1900756733 /* Release */,
			);
			defaultConfigurationIsVisible = 0;
		};
		000A20931888EE1900756733 /* Build configuration list for PBXNativeTarget "TmapPathTestTests" */ = {
			isa = XCConfigurationList;
			buildConfigurations = (
				000A20941888EE1900756733 /* Debug */,
				000A20951888EE1900756733 /* Release */,
			);
			defaultConfigurationIsVisible = 0;
		};
/* End XCConfigurationList section */
	};
	rootObject = 000A20561888EE1800756733 /* Project object */;
}
